
Microsoft Visual Studio Solution File, Format Version 12.00
# Visual Studio Version 16
VisualStudioVersion = 25.0.1706.9
MinimumVisualStudioVersion = 10.0.40219.1
Project("{FAE04EC0-301F-11D3-BF4B-00C04F79EFBC}") = "ProtoBot", "ProtoBot\ProtoBot.csproj", "{66C88F32-4E74-4D70-B5C3-10E8AAAD8687}"
EndProject
Global
	GlobalSection(SolutionConfigurationPlatforms) = preSolution
		Debug|Any CPU = Debug|Any CPU
		Release|Any CPU = Release|Any CPU
	EndGlobalSection
	GlobalSection(ProjectConfigurationPlatforms) = postSolution
		{66C88F32-4E74-4D70-B5C3-10E8AAAD8687}.Debug|Any CPU.ActiveCfg = Debug|Any CPU
		{66C88F32-4E74-4D70-B5C3-10E8AAAD8687}.Debug|Any CPU.Build.0 = Debug|Any CPU
		{66C88F32-4E74-4D70-B5C3-10E8AAAD8687}.Release|Any CPU.ActiveCfg = Release|Any CPU
		{66C88F32-4E74-4D70-B5C3-10E8AAAD8687}.Release|Any CPU.Build.0 = Release|Any CPU
	EndGlobalSection
	GlobalSection(SolutionProperties) = preSolution
		HideSolutionNode = FALSE
	EndGlobalSection
	GlobalSection(ExtensibilityGlobals) = postSolution
		SolutionGuid = {3DF2D6F6-A1BE-4F10-94BC-42BB6187CC95}
	EndGlobalSection
EndGlobal
